
Microsoft Visual Studio Solution File, Format Version 12.00
# Visual Studio Version 17
VisualStudioVersion = 17.2.32616.157
MinimumVisualStudioVersion = 10.0.40219.1
Project("{FAE04EC0-301F-11D3-BF4B-00C04F79EFBC}") = "lab3_1", "lab3_1\lab3_1.csproj", "{C6DA16DE-60E1-4072-A117-2EBAFBBCE97A}"
EndProject
Global
	GlobalSection(SolutionConfigurationPlatforms) = preSolution
		Debug|Any CPU = Debug|Any CPU
		Release|Any CPU = Release|Any CPU
	EndGlobalSection
	GlobalSection(ProjectConfigurationPlatforms) = postSolution
		{C6DA16DE-60E1-4072-A117-2EBAFBBCE97A}.Debug|Any CPU.ActiveCfg = Debug|Any CPU
		{C6DA16DE-60E1-4072-A117-2EBAFBBCE97A}.Debug|Any CPU.Build.0 = Debug|Any CPU
		{C6DA16DE-60E1-4072-A117-2EBAFBBCE97A}.Release|Any CPU.ActiveCfg = Release|Any CPU
		{C6DA16DE-60E1-4072-A117-2EBAFBBCE97A}.Release|Any CPU.Build.0 = Release|Any CPU
	EndGlobalSection
	GlobalSection(SolutionProperties) = preSolution
		HideSolutionNode = FALSE
	EndGlobalSection
	GlobalSection(ExtensibilityGlobals) = postSolution
		SolutionGuid = {BC768579-1807-47B7-9A30-3DFFE2A6F1BB}
	EndGlobalSection
EndGlobal
